<Solution>
  <Folder Name="/apps/">
    <Project Path="apps/ClienteApp/ClienteApp.csproj" />
    <Project Path="apps/ServidorApp/ServidorApp.csproj" />
  </Folder>
  <Folder Name="/src/">
    <Project Path="src/TcpSocketSystem.Core.csproj" />
  </Folder>
  <Project Path="../Tests/TcpSocketSystem.Tests/TcpSocketSystem.Tests.csproj" />
</Solution>
